
Microsoft Visual Studio Solution File, Format Version 12.00
# Visual Studio 2015
Project("{FAE04EC0-301F-11D3-BF4B-00C04F79EFBC}") = "Minimax.CSharp", "Minimax.CSharp.csproj", "{59FAEEB5-3B30-33F5-B7FD-7AA609C760C3}"
EndProject
Global
	GlobalSection(SolutionConfigurationPlatforms) = preSolution
		Debug|Any CPU = Debug|Any CPU
		Release|Any CPU = Release|Any CPU
	EndGlobalSection
	GlobalSection(ProjectConfigurationPlatforms) = postSolution
		{59FAEEB5-3B30-33F5-B7FD-7AA609C760C3}.Debug|Any CPU.ActiveCfg = Debug|Any CPU
		{59FAEEB5-3B30-33F5-B7FD-7AA609C760C3}.Debug|Any CPU.Build.0 = Debug|Any CPU
		{59FAEEB5-3B30-33F5-B7FD-7AA609C760C3}.Release|Any CPU.ActiveCfg = Release|Any CPU
		{59FAEEB5-3B30-33F5-B7FD-7AA609C760C3}.Release|Any CPU.Build.0 = Release|Any CPU
	EndGlobalSection
	GlobalSection(SolutionProperties) = preSolution
		HideSolutionNode = FALSE
	EndGlobalSection
EndGlobal
